
Microsoft Visual Studio Solution File, Format Version 12.00
# Visual Studio Version 17
VisualStudioVersion = 17.4.33110.190
MinimumVisualStudioVersion = 10.0.40219.1
Project("{9A19103F-16F7-4668-BE54-9A1E7A4F7556}") = "FeatureDrivenElectoralSystemApi", "FeatureDrivenElectoralSystemApi\FeatureDrivenElectoralSystemApi.csproj", "{C5C598AC-145B-4DB4-B4AC-519DBD0EC8AE}"
EndProject
Project("{9A19103F-16F7-4668-BE54-9A1E7A4F7556}") = "DAL", "DAL\DAL.csproj", "{EE20F47E-BE87-4C52-AB3B-BE3B768A1D48}"
EndProject
Project("{9A19103F-16F7-4668-BE54-9A1E7A4F7556}") = "BLL", "BLL\BLL.csproj", "{1FCA2DB6-2460-4C08-8527-0DDD048BB505}"
EndProject
Project("{54A90642-561A-4BB1-A94E-469ADEE60C69}") = "Client", "Client\Client.esproj", "{09D1C03C-4410-4468-929D-3159830E17E5}"
EndProject
Project("{54A90642-561A-4BB1-A94E-469ADEE60C69}") = "Client-app", "Client-app\Client-app.esproj", "{BE072A84-D0F8-4623-9377-AC001D428B8B}"
EndProject
Global
	GlobalSection(SolutionConfigurationPlatforms) = preSolution
		Debug|Any CPU = Debug|Any CPU
		Release|Any CPU = Release|Any CPU
	EndGlobalSection
	GlobalSection(ProjectConfigurationPlatforms) = postSolution
		{C5C598AC-145B-4DB4-B4AC-519DBD0EC8AE}.Debug|Any CPU.ActiveCfg = Debug|Any CPU
		{C5C598AC-145B-4DB4-B4AC-519DBD0EC8AE}.Debug|Any CPU.Build.0 = Debug|Any CPU
		{C5C598AC-145B-4DB4-B4AC-519DBD0EC8AE}.Release|Any CPU.ActiveCfg = Release|Any CPU
		{C5C598AC-145B-4DB4-B4AC-519DBD0EC8AE}.Release|Any CPU.Build.0 = Release|Any CPU
		{EE20F47E-BE87-4C52-AB3B-BE3B768A1D48}.Debug|Any CPU.ActiveCfg = Debug|Any CPU
		{EE20F47E-BE87-4C52-AB3B-BE3B768A1D48}.Debug|Any CPU.Build.0 = Debug|Any CPU
		{EE20F47E-BE87-4C52-AB3B-BE3B768A1D48}.Release|Any CPU.ActiveCfg = Release|Any CPU
		{EE20F47E-BE87-4C52-AB3B-BE3B768A1D48}.Release|Any CPU.Build.0 = Release|Any CPU
		{1FCA2DB6-2460-4C08-8527-0DDD048BB505}.Debug|Any CPU.ActiveCfg = Debug|Any CPU
		{1FCA2DB6-2460-4C08-8527-0DDD048BB505}.Debug|Any CPU.Build.0 = Debug|Any CPU
		{1FCA2DB6-2460-4C08-8527-0DDD048BB505}.Release|Any CPU.ActiveCfg = Release|Any CPU
		{1FCA2DB6-2460-4C08-8527-0DDD048BB505}.Release|Any CPU.Build.0 = Release|Any CPU
		{09D1C03C-4410-4468-929D-3159830E17E5}.Debug|Any CPU.ActiveCfg = Debug|Any CPU
		{09D1C03C-4410-4468-929D-3159830E17E5}.Debug|Any CPU.Build.0 = Debug|Any CPU
		{09D1C03C-4410-4468-929D-3159830E17E5}.Debug|Any CPU.Deploy.0 = Debug|Any CPU
		{09D1C03C-4410-4468-929D-3159830E17E5}.Release|Any CPU.ActiveCfg = Release|Any CPU
		{09D1C03C-4410-4468-929D-3159830E17E5}.Release|Any CPU.Build.0 = Release|Any CPU
		{09D1C03C-4410-4468-929D-3159830E17E5}.Release|Any CPU.Deploy.0 = Release|Any CPU
		{BE072A84-D0F8-4623-9377-AC001D428B8B}.Debug|Any CPU.ActiveCfg = Debug|Any CPU
		{BE072A84-D0F8-4623-9377-AC001D428B8B}.Debug|Any CPU.Build.0 = Debug|Any CPU
		{BE072A84-D0F8-4623-9377-AC001D428B8B}.Debug|Any CPU.Deploy.0 = Debug|Any CPU
		{BE072A84-D0F8-4623-9377-AC001D428B8B}.Release|Any CPU.ActiveCfg = Release|Any CPU
		{BE072A84-D0F8-4623-9377-AC001D428B8B}.Release|Any CPU.Build.0 = Release|Any CPU
		{BE072A84-D0F8-4623-9377-AC001D428B8B}.Release|Any CPU.Deploy.0 = Release|Any CPU
	EndGlobalSection
	GlobalSection(SolutionProperties) = preSolution
		HideSolutionNode = FALSE
	EndGlobalSection
	GlobalSection(ExtensibilityGlobals) = postSolution
		SolutionGuid = {4A45CFFB-4F64-499C-A302-2B510D8A009A}
	EndGlobalSection
EndGlobal
